// !$*UTF8*$!
{
	archiveVersion = 1;
	classes = {
	};
	objectVersion = 56;
	objects = {

/* Begin PBXBuildFile section */
		41181E652B62E1E900827729 /* GoodsViewController.swift in Sources */ = {isa = PBXBuildFile; fileRef = 41181E642B62E1E900827729 /* GoodsViewController.swift */; };
		41181E672B62E3B600827729 /* GoodsTableViewCell.swift in Sources */ = {isa = PBXBuildFile; fileRef = 41181E662B62E3B600827729 /* GoodsTableViewCell.swift */; };
		41181E692B62E53C00827729 /* GoodsData.swift in Sources */ = {isa = PBXBuildFile; fileRef = 41181E682B62E53C00827729 /* GoodsData.swift */; };
		416EFE272B617B7800CC5B67 /* AppDelegate.swift in Sources */ = {isa = PBXBuildFile; fileRef = 416EFE262B617B7800CC5B67 /* AppDelegate.swift */; };
		416EFE292B617B7800CC5B67 /* SceneDelegate.swift in Sources */ = {isa = PBXBuildFile; fileRef = 416EFE282B617B7800CC5B67 /* SceneDelegate.swift */; };
		416EFE2B2B617B7800CC5B67 /* ViewController.swift in Sources */ = {isa = PBXBuildFile; fileRef = 416EFE2A2B617B7800CC5B67 /* ViewController.swift */; };
		416EFE2E2B617B7800CC5B67 /* Main.storyboard in Resources */ = {isa = PBXBuildFile; fileRef = 416EFE2C2B617B7800CC5B67 /* Main.storyboard */; };
		416EFE302B617B7B00CC5B67 /* Assets.xcassets in Resources */ = {isa = PBXBuildFile; fileRef = 416EFE2F2B617B7B00CC5B67 /* Assets.xcassets */; };
		416EFE332B617B7B00CC5B67 /* LaunchScreen.storyboard in Resources */ = {isa = PBXBuildFile; fileRef = 416EFE312B617B7B00CC5B67 /* LaunchScreen.storyboard */; };
		416EFE422B617DFE00CC5B67 /* TabBar.storyboard in Resources */ = {isa = PBXBuildFile; fileRef = 416EFE412B617DFE00CC5B67 /* TabBar.storyboard */; };
		416EFE442B61861D00CC5B67 /* TabBarController.swift in Sources */ = {isa = PBXBuildFile; fileRef = 416EFE432B61861D00CC5B67 /* TabBarController.swift */; };
		416EFE472B61871F00CC5B67 /* PromoViewController.swift in Sources */ = {isa = PBXBuildFile; fileRef = 416EFE462B61871F00CC5B67 /* PromoViewController.swift */; };
		416EFE4B2B618DC400CC5B67 /* PromoTableViewCell.swift in Sources */ = {isa = PBXBuildFile; fileRef = 416EFE4A2B618DC400CC5B67 /* PromoTableViewCell.swift */; };
		416EFE4D2B6288C600CC5B67 /* APIManager.swift in Sources */ = {isa = PBXBuildFile; fileRef = 416EFE4C2B6288C600CC5B67 /* APIManager.swift */; };
		416EFE4F2B628C2200CC5B67 /* PromoData.swift in Sources */ = {isa = PBXBuildFile; fileRef = 416EFE4E2B628C2200CC5B67 /* PromoData.swift */; };
/* End PBXBuildFile section */

/* Begin PBXFileReference section */
		41181E642B62E1E900827729 /* GoodsViewController.swift */ = {isa = PBXFileReference; lastKnownFileType = sourcecode.swift; path = GoodsViewController.swift; sourceTree = "<group>"; };
		41181E662B62E3B600827729 /* GoodsTableViewCell.swift */ = {isa = PBXFileReference; lastKnownFileType = sourcecode.swift; path = GoodsTableViewCell.swift; sourceTree = "<group>"; };
		41181E682B62E53C00827729 /* GoodsData.swift */ = {isa = PBXFileReference; lastKnownFileType = sourcecode.swift; path = GoodsData.swift; sourceTree = "<group>"; };
		416EFE232B617B7800CC5B67 /* Life.app */ = {isa = PBXFileReference; explicitFileType = wrapper.application; includeInIndex = 0; path = Life.app; sourceTree = BUILT_PRODUCTS_DIR; };
		416EFE262B617B7800CC5B67 /* AppDelegate.swift */ = {isa = PBXFileReference; lastKnownFileType = sourcecode.swift; path = AppDelegate.swift; sourceTree = "<group>"; };
		416EFE282B617B7800CC5B67 /* SceneDelegate.swift */ = {isa = PBXFileReference; lastKnownFileType = sourcecode.swift; path = SceneDelegate.swift; sourceTree = "<group>"; };
		416EFE2A2B617B7800CC5B67 /* ViewController.swift */ = {isa = PBXFileReference; lastKnownFileType = sourcecode.swift; path = ViewController.swift; sourceTree = "<group>"; };
		416EFE2D2B617B7800CC5B67 /* Base */ = {isa = PBXFileReference; lastKnownFileType = file.storyboard; name = Base; path = Base.lproj/Main.storyboard; sourceTree = "<group>"; };
		416EFE2F2B617B7B00CC5B67 /* Assets.xcassets */ = {isa = PBXFileReference; lastKnownFileType = folder.assetcatalog; path = Assets.xcassets; sourceTree = "<group>"; };
		416EFE322B617B7B00CC5B67 /* Base */ = {isa = PBXFileReference; lastKnownFileType = file.storyboard; name = Base; path = Base.lproj/LaunchScreen.storyboard; sourceTree = "<group>"; };
		416EFE342B617B7B00CC5B67 /* Info.plist */ = {isa = PBXFileReference; lastKnownFileType = text.plist.xml; path = Info.plist; sourceTree = "<group>"; };
		416EFE412B617DFE00CC5B67 /* TabBar.storyboard */ = {isa = PBXFileReference; lastKnownFileType = file.storyboard; path = TabBar.storyboard; sourceTree = "<group>"; };
		416EFE432B61861D00CC5B67 /* TabBarController.swift */ = {isa = PBXFileReference; lastKnownFileType = sourcecode.swift; path = TabBarController.swift; sourceTree = "<group>"; };
		416EFE462B61871F00CC5B67 /* PromoViewController.swift */ = {isa = PBXFileReference; lastKnownFileType = sourcecode.swift; path = PromoViewController.swift; sourceTree = "<group>"; };
		416EFE4A2B618DC400CC5B67 /* PromoTableViewCell.swift */ = {isa = PBXFileReference; lastKnownFileType = sourcecode.swift; path = PromoTableViewCell.swift; sourceTree = "<group>"; };
		416EFE4C2B6288C600CC5B67 /* APIManager.swift */ = {isa = PBXFileReference; lastKnownFileType = sourcecode.swift; path = APIManager.swift; sourceTree = "<group>"; };
		416EFE4E2B628C2200CC5B67 /* PromoData.swift */ = {isa = PBXFileReference; lastKnownFileType = sourcecode.swift; path = PromoData.swift; sourceTree = "<group>"; };
/* End PBXFileReference section */

/* Begin PBXFrameworksBuildPhase section */
		416EFE202B617B7800CC5B67 /* Frameworks */ = {
			isa = PBXFrameworksBuildPhase;
			buildActionMask = 2147483647;
			files = (
			);
			runOnlyForDeploymentPostprocessing = 0;
		};
/* End PBXFrameworksBuildPhase section */

/* Begin PBXGroup section */
		41181E632B62DAE600827729 /* Goods */ = {
			isa = PBXGroup;
			children = (
				41181E642B62E1E900827729 /* GoodsViewController.swift */,
				41181E662B62E3B600827729 /* GoodsTableViewCell.swift */,
				41181E682B62E53C00827729 /* GoodsData.swift */,
			);
			path = Goods;
			sourceTree = "<group>";
		};
		416EFE1A2B617B7800CC5B67 = {
			isa = PBXGroup;
			children = (
				416EFE252B617B7800CC5B67 /* Life */,
				416EFE242B617B7800CC5B67 /* Products */,
			);
			sourceTree = "<group>";
		};
		416EFE242B617B7800CC5B67 /* Products */ = {
			isa = PBXGroup;
			children = (
				416EFE232B617B7800CC5B67 /* Life.app */,
			);
			name = Products;
			sourceTree = "<group>";
		};
		416EFE252B617B7800CC5B67 /* Life */ = {
			isa = PBXGroup;
			children = (
				416EFE3A2B617BAF00CC5B67 /* Application */,
				416EFE3B2B617BC900CC5B67 /* Main */,
				416EFE3C2B617D0700CC5B67 /* TabBar */,
				416EFE2F2B617B7B00CC5B67 /* Assets.xcassets */,
				416EFE312B617B7B00CC5B67 /* LaunchScreen.storyboard */,
				416EFE342B617B7B00CC5B67 /* Info.plist */,
			);
			path = Life;
			sourceTree = "<group>";
		};
		416EFE3A2B617BAF00CC5B67 /* Application */ = {
			isa = PBXGroup;
			children = (
				416EFE262B617B7800CC5B67 /* AppDelegate.swift */,
				416EFE282B617B7800CC5B67 /* SceneDelegate.swift */,
			);
			path = Application;
			sourceTree = "<group>";
		};
		416EFE3B2B617BC900CC5B67 /* Main */ = {
			isa = PBXGroup;
			children = (
				416EFE2C2B617B7800CC5B67 /* Main.storyboard */,
				416EFE2A2B617B7800CC5B67 /* ViewController.swift */,
			);
			path = Main;
			sourceTree = "<group>";
		};
		416EFE3C2B617D0700CC5B67 /* TabBar */ = {
			isa = PBXGroup;
			children = (
				416EFE452B6186BA00CC5B67 /* Promo */,
				416EFE412B617DFE00CC5B67 /* TabBar.storyboard */,
				416EFE432B61861D00CC5B67 /* TabBarController.swift */,
			);
			path = TabBar;
			sourceTree = "<group>";
		};
		416EFE452B6186BA00CC5B67 /* Promo */ = {
			isa = PBXGroup;
			children = (
				41181E632B62DAE600827729 /* Goods */,
				416EFE462B61871F00CC5B67 /* PromoViewController.swift */,
				416EFE4A2B618DC400CC5B67 /* PromoTableViewCell.swift */,
				416EFE4C2B6288C600CC5B67 /* APIManager.swift */,
				416EFE4E2B628C2200CC5B67 /* PromoData.swift */,
			);
			path = Promo;
			sourceTree = "<group>";
		};
/* End PBXGroup section */

/* Begin PBXNativeTarget section */
		416EFE222B617B7800CC5B67 /* Life */ = {
			isa = PBXNativeTarget;
			buildConfigurationList = 416EFE372B617B7B00CC5B67 /* Build configuration list for PBXNativeTarget "Life" */;
			buildPhases = (
				416EFE1F2B617B7800CC5B67 /* Sources */,
				416EFE202B617B7800CC5B67 /* Frameworks */,
				416EFE212B617B7800CC5B67 /* Resources */,
			);
			buildRules = (
			);
			dependencies = (
			);
			name = Life;
			productName = Life;
			productReference = 416EFE232B617B7800CC5B67 /* Life.app */;
			productType = "com.apple.product-type.application";
		};
/* End PBXNativeTarget section */

/* Begin PBXProject section */
		416EFE1B2B617B7800CC5B67 /* Project object */ = {
			isa = PBXProject;
			attributes = {
				BuildIndependentTargetsInParallel = 1;
				LastSwiftUpdateCheck = 1420;
				LastUpgradeCheck = 1420;
				TargetAttributes = {
					416EFE222B617B7800CC5B67 = {
						CreatedOnToolsVersion = 14.2;
					};
				};
			};
			buildConfigurationList = 416EFE1E2B617B7800CC5B67 /* Build configuration list for PBXProject "Life" */;
			compatibilityVersion = "Xcode 14.0";
			developmentRegion = en;
			hasScannedForEncodings = 0;
			knownRegions = (
				en,
				Base,
			);
			mainGroup = 416EFE1A2B617B7800CC5B67;
			productRefGroup = 416EFE242B617B7800CC5B67 /* Products */;
			projectDirPath = "";
			projectRoot = "";
			targets = (
				416EFE222B617B7800CC5B67 /* Life */,
			);
		};
/* End PBXProject section */

/* Begin PBXResourcesBuildPhase section */
		416EFE212B617B7800CC5B67 /* Resources */ = {
			isa = PBXResourcesBuildPhase;
			buildActionMask = 2147483647;
			files = (
				416EFE422B617DFE00CC5B67 /* TabBar.storyboard in Resources */,
				416EFE332B617B7B00CC5B67 /* LaunchScreen.storyboard in Resources */,
				416EFE302B617B7B00CC5B67 /* Assets.xcassets in Resources */,
				416EFE2E2B617B7800CC5B67 /* Main.storyboard in Resources */,
			);
			runOnlyForDeploymentPostprocessing = 0;
		};
/* End PBXResourcesBuildPhase section */

/* Begin PBXSourcesBuildPhase section */
		416EFE1F2B617B7800CC5B67 /* Sources */ = {
			isa = PBXSourcesBuildPhase;
			buildActionMask = 2147483647;
			files = (
				416EFE2B2B617B7800CC5B67 /* ViewController.swift in Sources */,
				416EFE4F2B628C2200CC5B67 /* PromoData.swift in Sources */,
				41181E652B62E1E900827729 /* GoodsViewController.swift in Sources */,
				416EFE472B61871F00CC5B67 /* PromoViewController.swift in Sources */,
				41181E692B62E53C00827729 /* GoodsData.swift in Sources */,
				416EFE442B61861D00CC5B67 /* TabBarController.swift in Sources */,
				416EFE272B617B7800CC5B67 /* AppDelegate.swift in Sources */,
				416EFE292B617B7800CC5B67 /* SceneDelegate.swift in Sources */,
				416EFE4B2B618DC400CC5B67 /* PromoTableViewCell.swift in Sources */,
				41181E672B62E3B600827729 /* GoodsTableViewCell.swift in Sources */,
				416EFE4D2B6288C600CC5B67 /* APIManager.swift in Sources */,
			);
			runOnlyForDeploymentPostprocessing = 0;
		};
/* End PBXSourcesBuildPhase section */

/* Begin PBXVariantGroup section */
		416EFE2C2B617B7800CC5B67 /* Main.storyboard */ = {
			isa = PBXVariantGroup;
			children = (
				416EFE2D2B617B7800CC5B67 /* Base */,
			);
			name = Main.storyboard;
			sourceTree = "<group>";
		};
		416EFE312B617B7B00CC5B67 /* LaunchScreen.storyboard */ = {
			isa = PBXVariantGroup;
			children = (
				416EFE322B617B7B00CC5B67 /* Base */,
			);
			name = LaunchScreen.storyboard;
			sourceTree = "<group>";
		};
/* End PBXVariantGroup section */

/* Begin XCBuildConfiguration section */
		416EFE352B617B7B00CC5B67 /* Debug */ = {
			isa = XCBuildConfiguration;
			buildSettings = {
				ALWAYS_SEARCH_USER_PATHS = NO;
				CLANG_ANALYZER_NONNULL = YES;
				CLANG_ANALYZER_NUMBER_OBJECT_CONVERSION = YES_AGGRESSIVE;
				CLANG_CXX_LANGUAGE_STANDARD = "gnu++20";
				CLANG_ENABLE_MODULES = YES;
				CLANG_ENABLE_OBJC_ARC = YES;
				CLANG_ENABLE_OBJC_WEAK = YES;
				CLANG_WARN_BLOCK_CAPTURE_AUTORELEASING = YES;
				CLANG_WARN_BOOL_CONVERSION = YES;
				CLANG_WARN_COMMA = YES;
				CLANG_WARN_CONSTANT_CONVERSION = YES;
				CLANG_WARN_DEPRECATED_OBJC_IMPLEMENTATIONS = YES;
				CLANG_WARN_DIRECT_OBJC_ISA_USAGE = YES_ERROR;
				CLANG_WARN_DOCUMENTATION_COMMENTS = YES;
				CLANG_WARN_EMPTY_BODY = YES;
				CLANG_WARN_ENUM_CONVERSION = YES;
				CLANG_WARN_INFINITE_RECURSION = YES;
				CLANG_WARN_INT_CONVERSION = YES;
				CLANG_WARN_NON_LITERAL_NULL_CONVERSION = YES;
				CLANG_WARN_OBJC_IMPLICIT_RETAIN_SELF = YES;
				CLANG_WARN_OBJC_LITERAL_CONVERSION = YES;
				CLANG_WARN_OBJC_ROOT_CLASS = YES_ERROR;
				CLANG_WARN_QUOTED_INCLUDE_IN_FRAMEWORK_HEADER = YES;
				CLANG_WARN_RANGE_LOOP_ANALYSIS = YES;
				CLANG_WARN_STRICT_PROTOTYPES = YES;
				CLANG_WARN_SUSPICIOUS_MOVE = YES;
				CLANG_WARN_UNGUARDED_AVAILABILITY = YES_AGGRESSIVE;
				CLANG_WARN_UNREACHABLE_CODE = YES;
				CLANG_WARN__DUPLICATE_METHOD_MATCH = YES;
				COPY_PHASE_STRIP = NO;
				DEBUG_INFORMATION_FORMAT = dwarf;
				ENABLE_STRICT_OBJC_MSGSEND = YES;
				ENABLE_TESTABILITY = YES;
				GCC_C_LANGUAGE_STANDARD = gnu11;
				GCC_DYNAMIC_NO_PIC = NO;
				GCC_NO_COMMON_BLOCKS = YES;
				GCC_OPTIMIZATION_LEVEL = 0;
				GCC_PREPROCESSOR_DEFINITIONS = (
					"DEBUG=1",
					"$(inherited)",
				);
				GCC_WARN_64_TO_32_BIT_CONVERSION = YES;
				GCC_WARN_ABOUT_RETURN_TYPE = YES_ERROR;
				GCC_WARN_UNDECLARED_SELECTOR = YES;
				GCC_WARN_UNINITIALIZED_AUTOS = YES_AGGRESSIVE;
				GCC_WARN_UNUSED_FUNCTION = YES;
				GCC_WARN_UNUSED_VARIABLE = YES;
				IPHONEOS_DEPLOYMENT_TARGET = 16.2;
				MTL_ENABLE_DEBUG_INFO = INCLUDE_SOURCE;
				MTL_FAST_MATH = YES;
				ONLY_ACTIVE_ARCH = YES;
				SDKROOT = iphoneos;
				SWIFT_ACTIVE_COMPILATION_CONDITIONS = DEBUG;
				SWIFT_OPTIMIZATION_LEVEL = "-Onone";
			};
			name = Debug;
		};
		416EFE362B617B7B00CC5B67 /* Release */ = {
			isa = XCBuildConfiguration;
			buildSettings = {
				ALWAYS_SEARCH_USER_PATHS = NO;
				CLANG_ANALYZER_NONNULL = YES;
				CLANG_ANALYZER_NUMBER_OBJECT_CONVERSION = YES_AGGRESSIVE;
				CLANG_CXX_LANGUAGE_STANDARD = "gnu++20";
				CLANG_ENABLE_MODULES = YES;
				CLANG_ENABLE_OBJC_ARC = YES;
				CLANG_ENABLE_OBJC_WEAK = YES;
				CLANG_WARN_BLOCK_CAPTURE_AUTORELEASING = YES;
				CLANG_WARN_BOOL_CONVERSION = YES;
				CLANG_WARN_COMMA = YES;
				CLANG_WARN_CONSTANT_CONVERSION = YES;
				CLANG_WARN_DEPRECATED_OBJC_IMPLEMENTATIONS = YES;
				CLANG_WARN_DIRECT_OBJC_ISA_USAGE = YES_ERROR;
				CLANG_WARN_DOCUMENTATION_COMMENTS = YES;
				CLANG_WARN_EMPTY_BODY = YES;
				CLANG_WARN_ENUM_CONVERSION = YES;
				CLANG_WARN_INFINITE_RECURSION = YES;
				CLANG_WARN_INT_CONVERSION = YES;
				CLANG_WARN_NON_LITERAL_NULL_CONVERSION = YES;
				CLANG_WARN_OBJC_IMPLICIT_RETAIN_SELF = YES;
				CLANG_WARN_OBJC_LITERAL_CONVERSION = YES;
				CLANG_WARN_OBJC_ROOT_CLASS = YES_ERROR;
				CLANG_WARN_QUOTED_INCLUDE_IN_FRAMEWORK_HEADER = YES;
				CLANG_WARN_RANGE_LOOP_ANALYSIS = YES;
				CLANG_WARN_STRICT_PROTOTYPES = YES;
				CLANG_WARN_SUSPICIOUS_MOVE = YES;
				CLANG_WARN_UNGUARDED_AVAILABILITY = YES_AGGRESSIVE;
				CLANG_WARN_UNREACHABLE_CODE = YES;
				CLANG_WARN__DUPLICATE_METHOD_MATCH = YES;
				COPY_PHASE_STRIP = NO;
				DEBUG_INFORMATION_FORMAT = "dwarf-with-dsym";
				ENABLE_NS_ASSERTIONS = NO;
				ENABLE_STRICT_OBJC_MSGSEND = YES;
				GCC_C_LANGUAGE_STANDARD = gnu11;
				GCC_NO_COMMON_BLOCKS = YES;
				GCC_WARN_64_TO_32_BIT_CONVERSION = YES;
				GCC_WARN_ABOUT_RETURN_TYPE = YES_ERROR;
				GCC_WARN_UNDECLARED_SELECTOR = YES;
				GCC_WARN_UNINITIALIZED_AUTOS = YES_AGGRESSIVE;
				GCC_WARN_UNUSED_FUNCTION = YES;
				GCC_WARN_UNUSED_VARIABLE = YES;
				IPHONEOS_DEPLOYMENT_TARGET = 16.2;
				MTL_ENABLE_DEBUG_INFO = NO;
				MTL_FAST_MATH = YES;
				SDKROOT = iphoneos;
				SWIFT_COMPILATION_MODE = wholemodule;
				SWIFT_OPTIMIZATION_LEVEL = "-O";
				VALIDATE_PRODUCT = YES;
			};
			name = Release;
		};
		416EFE382B617B7B00CC5B67 /* Debug */ = {
			isa = XCBuildConfiguration;
			buildSettings = {
				ASSETCATALOG_COMPILER_APPICON_NAME = AppIcon;
				ASSETCATALOG_COMPILER_GLOBAL_ACCENT_COLOR_NAME = AccentColor;
				CODE_SIGN_STYLE = Automatic;
				CURRENT_PROJECT_VERSION = 1;
				GENERATE_INFOPLIST_FILE = YES;
				INFOPLIST_FILE = Life/Info.plist;
				INFOPLIST_KEY_UIApplicationSupportsIndirectInputEvents = YES;
				INFOPLIST_KEY_UILaunchStoryboardName = LaunchScreen;
				INFOPLIST_KEY_UIMainStoryboardFile = Main;
				INFOPLIST_KEY_UISupportedInterfaceOrientations = UIInterfaceOrientationPortrait;
				INFOPLIST_KEY_UISupportedInterfaceOrientations_iPad = "UIInterfaceOrientationLandscapeLeft UIInterfaceOrientationLandscapeRight UIInterfaceOrientationPortrait UIInterfaceOrientationPortraitUpsideDown";
				LD_RUNPATH_SEARCH_PATHS = (
					"$(inherited)",
					"@executable_path/Frameworks",
				);
				MARKETING_VERSION = 1.0;
				PRODUCT_BUNDLE_IDENTIFIER = PHTT.Life;
				PRODUCT_NAME = "$(TARGET_NAME)";
				SWIFT_EMIT_LOC_STRINGS = YES;
				SWIFT_VERSION = 5.0;
				TARGETED_DEVICE_FAMILY = "1,2";
			};
			name = Debug;
		};
		416EFE392B617B7B00CC5B67 /* Release */ = {
			isa = XCBuildConfiguration;
			buildSettings = {
				ASSETCATALOG_COMPILER_APPICON_NAME = AppIcon;
				ASSETCATALOG_COMPILER_GLOBAL_ACCENT_COLOR_NAME = AccentColor;
				CODE_SIGN_STYLE = Automatic;
				CURRENT_PROJECT_VERSION = 1;
				GENERATE_INFOPLIST_FILE = YES;
				INFOPLIST_FILE = Life/Info.plist;
				INFOPLIST_KEY_UIApplicationSupportsIndirectInputEvents = YES;
				INFOPLIST_KEY_UILaunchStoryboardName = LaunchScreen;
				INFOPLIST_KEY_UIMainStoryboardFile = Main;
				INFOPLIST_KEY_UISupportedInterfaceOrientations = UIInterfaceOrientationPortrait;
				INFOPLIST_KEY_UISupportedInterfaceOrientations_iPad = "UIInterfaceOrientationLandscapeLeft UIInterfaceOrientationLandscapeRight UIInterfaceOrientationPortrait UIInterfaceOrientationPortraitUpsideDown";
				LD_RUNPATH_SEARCH_PATHS = (
					"$(inherited)",
					"@executable_path/Frameworks",
				);
				MARKETING_VERSION = 1.0;
				PRODUCT_BUNDLE_IDENTIFIER = PHTT.Life;
				PRODUCT_NAME = "$(TARGET_NAME)";
				SWIFT_EMIT_LOC_STRINGS = YES;
				SWIFT_VERSION = 5.0;
				TARGETED_DEVICE_FAMILY = "1,2";
			};
			name = Release;
		};
/* End XCBuildConfiguration section */

/* Begin XCConfigurationList section */
		416EFE1E2B617B7800CC5B67 /* Build configuration list for PBXProject "Life" */ = {
			isa = XCConfigurationList;
			buildConfigurations = (
				416EFE352B617B7B00CC5B67 /* Debug */,
				416EFE362B617B7B00CC5B67 /* Release */,
			);
			defaultConfigurationIsVisible = 0;
			defaultConfigurationName = Release;
		};
		416EFE372B617B7B00CC5B67 /* Build configuration list for PBXNativeTarget "Life" */ = {
			isa = XCConfigurationList;
			buildConfigurations = (
				416EFE382B617B7B00CC5B67 /* Debug */,
				416EFE392B617B7B00CC5B67 /* Release */,
			);
			defaultConfigurationIsVisible = 0;
			defaultConfigurationName = Release;
		};
/* End XCConfigurationList section */
	};
	rootObject = 416EFE1B2B617B7800CC5B67 /* Project object */;
}
